{
  "lockfileVersion": 1,
  "workspaces": {
    "": {
      "name": "x-deleter",
      "dependencies": {
        "dotenv": "^16.4.5",
        "twitter-api-v2": "^1.16.1",
      },
      "devDependencies": {
        "@types/node": "^20.11.24",
        "bun-types": "latest",
        "typescript": "^5.3.3",
      },
    },
  },
  "packages": {
    "@types/node": ["@types/node@20.17.30", "", { "dependencies": { "undici-types": "~6.19.2" } }, "sha512-7zf4YyHA+jvBNfVrk2Gtvs6x7E8V+YDW05bNfG2XkWDJfYRXrTiP/DsB2zSYTaHX0bGIujTBQdMVAhb+j7mwpg=="],

    "bun-types": ["bun-types@1.2.10", "", { "dependencies": { "@types/node": "*" } }, "sha512-b5ITZMnVdf3m1gMvJHG+gIfeJHiQPJak0f7925Hxu6ZN5VKA8AGy4GZ4lM+Xkn6jtWxg5S3ldWvfmXdvnkp3GQ=="],

    "dotenv": ["dotenv@16.5.0", "", {}, "sha512-m/C+AwOAr9/W1UOIZUo232ejMNnJAJtYQjUbHoNTBNTJSvqzzDh7vnrei3o3r3m9blf6ZoDkvcw0VmozNRFJxg=="],

    "twitter-api-v2": ["twitter-api-v2@1.22.0", "", {}, "sha512-KlcRL9vcBzjeS/PwxX33NziP+SHp9n35DOclKtpOmnNes7nNVnK7WG4pKlHfBqGrY5kAz/8J5ERS8DWkYOaiWw=="],

    "typescript": ["typescript@5.8.3", "", { "bin": { "tsc": "bin/tsc", "tsserver": "bin/tsserver" } }, "sha512-p1diW6TqL9L07nNxvRMM7hMMw4c5XOo/1ibL4aAIGmSAt9slTE1Xgw5KWuof2uTOvCg9BY7ZRi+GaF+7sfgPeQ=="],

    "undici-types": ["undici-types@6.19.8", "", {}, "sha512-ve2KP6f/JnbPBFyobGHuerC9g1FYGn/F8n1LWTwNxCEzd6IfqTwUQcNXgEtmmQ6DlRrC1hrSrBnCZPokRrDHjw=="],
  }
}
